github.com/klauspost/cpuid/v2 v2.0.3 h1:DNljyrHyxlkk8139OXIAAauCwV8eQGDD6Z8YqnDXdZw=
github.com/klauspost/cpuid/v2 v2.0.3/go.mod h1:FInQzS24/EEf25PyTYn52gqo7WaD8xa0213Md/qVLRg=
github.com/matrixorigin/simdcsv v0.0.0-20230210060146-09b8e45209dd h1:DvqhuH3kOpsE6vXZA5WEaRNAUUUcf44S1p5VInbjdfU=
github.com/matrixorigin/simdcsv v0.0.0-20230210060146-09b8e45209dd/go.mod h1:79jCHry8mER+PwqF5EMG3ZE4b0lflH1IE/zF3Zs6lR8=
